
Microsoft Visual Studio Solution File, Format Version 12.00
# Visual Studio Version 17
VisualStudioVersion = 17.6.33815.320
MinimumVisualStudioVersion = 10.0.40219.1
Project("{FAE04EC0-301F-11D3-BF4B-00C04F79EFBC}") = "WebApiEntidades", "WebApiEntidades\WebApiEntidades.csproj", "{CF41466C-F990-428B-BE73-910B8D1B0CE6}"
EndProject
Global
	GlobalSection(SolutionConfigurationPlatforms) = preSolution
		Debug|Any CPU = Debug|Any CPU
		Release|Any CPU = Release|Any CPU
	EndGlobalSection
	GlobalSection(ProjectConfigurationPlatforms) = postSolution
		{CF41466C-F990-428B-BE73-910B8D1B0CE6}.Debug|Any CPU.ActiveCfg = Debug|Any CPU
		{CF41466C-F990-428B-BE73-910B8D1B0CE6}.Debug|Any CPU.Build.0 = Debug|Any CPU
		{CF41466C-F990-428B-BE73-910B8D1B0CE6}.Release|Any CPU.ActiveCfg = Release|Any CPU
		{CF41466C-F990-428B-BE73-910B8D1B0CE6}.Release|Any CPU.Build.0 = Release|Any CPU
	EndGlobalSection
	GlobalSection(SolutionProperties) = preSolution
		HideSolutionNode = FALSE
	EndGlobalSection
	GlobalSection(ExtensibilityGlobals) = postSolution
		SolutionGuid = {D9835F25-77BE-4C39-AE0B-0D7258CB15CE}
	EndGlobalSection
EndGlobal
